
Microsoft Visual Studio Solution File, Format Version 12.00
# Visual Studio 15
VisualStudioVersion = 15.0.27703.2042
MinimumVisualStudioVersion = 10.0.40219.1
Project("{FAE04EC0-301F-11D3-BF4B-00C04F79EFBC}") = "Stemmer.Tests", "Stemmer.Tests\Stemmer.Tests.csproj", "{DDD6216B-EAD4-48C8-99A7-9F3F3ACFD9AF}"
EndProject
Project("{FAE04EC0-301F-11D3-BF4B-00C04F79EFBC}") = "UkrainianStemmer", "UkrainianStemmer\UkrainianStemmer.csproj", "{0A4050FB-007A-4DF7-AA32-AD02BD8B5EA5}"
EndProject
Project("{FAE04EC0-301F-11D3-BF4B-00C04F79EFBC}") = "Verbarium.DAL", "Verbarium.DAL\Verbarium.DAL.csproj", "{E408C9C9-2AF4-42D3-856D-838D6CD9FF5E}"
EndProject
Project("{FAE04EC0-301F-11D3-BF4B-00C04F79EFBC}") = "Verbarium.BLL.Common", "Verbarium.BLL\Verbarium.BLL.Common.csproj", "{9A819F9B-15CD-47F9-BAA8-F36EEE0E4AE9}"
EndProject
Project("{FAE04EC0-301F-11D3-BF4B-00C04F79EFBC}") = "Verbarium.BLL.Desktop", "Verbarium.BLL.Desktop\Verbarium.BLL.Desktop.csproj", "{A50734A9-C526-4584-BE03-9FBF3FD5919E}"
EndProject
Project("{FAE04EC0-301F-11D3-BF4B-00C04F79EFBC}") = "Verbarium.BLL.Stemmer", "Verbarium.BLL.Stemmer\Verbarium.BLL.Stemmer.csproj", "{CD154CC4-895E-4E9C-A243-7F566F4967C5}"
EndProject
Project("{FAE04EC0-301F-11D3-BF4B-00C04F79EFBC}") = "VerbariumVocabulary", "mastersproject\VerbariumVocabulary-old\VerbariumVocabulary.csproj", "{62512E2C-A077-4447-8F4D-AF94C1092D4F}"
EndProject
Global
	GlobalSection(SolutionConfigurationPlatforms) = preSolution
		Debug|Any CPU = Debug|Any CPU
		Release|Any CPU = Release|Any CPU
	EndGlobalSection
	GlobalSection(ProjectConfigurationPlatforms) = postSolution
		{DDD6216B-EAD4-48C8-99A7-9F3F3ACFD9AF}.Debug|Any CPU.ActiveCfg = Debug|Any CPU
		{DDD6216B-EAD4-48C8-99A7-9F3F3ACFD9AF}.Debug|Any CPU.Build.0 = Debug|Any CPU
		{DDD6216B-EAD4-48C8-99A7-9F3F3ACFD9AF}.Release|Any CPU.ActiveCfg = Release|Any CPU
		{DDD6216B-EAD4-48C8-99A7-9F3F3ACFD9AF}.Release|Any CPU.Build.0 = Release|Any CPU
		{0A4050FB-007A-4DF7-AA32-AD02BD8B5EA5}.Debug|Any CPU.ActiveCfg = Debug|Any CPU
		{0A4050FB-007A-4DF7-AA32-AD02BD8B5EA5}.Debug|Any CPU.Build.0 = Debug|Any CPU
		{0A4050FB-007A-4DF7-AA32-AD02BD8B5EA5}.Release|Any CPU.ActiveCfg = Release|Any CPU
		{0A4050FB-007A-4DF7-AA32-AD02BD8B5EA5}.Release|Any CPU.Build.0 = Release|Any CPU
		{E408C9C9-2AF4-42D3-856D-838D6CD9FF5E}.Debug|Any CPU.ActiveCfg = Debug|Any CPU
		{E408C9C9-2AF4-42D3-856D-838D6CD9FF5E}.Debug|Any CPU.Build.0 = Debug|Any CPU
		{E408C9C9-2AF4-42D3-856D-838D6CD9FF5E}.Release|Any CPU.ActiveCfg = Release|Any CPU
		{E408C9C9-2AF4-42D3-856D-838D6CD9FF5E}.Release|Any CPU.Build.0 = Release|Any CPU
		{9A819F9B-15CD-47F9-BAA8-F36EEE0E4AE9}.Debug|Any CPU.ActiveCfg = Debug|Any CPU
		{9A819F9B-15CD-47F9-BAA8-F36EEE0E4AE9}.Debug|Any CPU.Build.0 = Debug|Any CPU
		{9A819F9B-15CD-47F9-BAA8-F36EEE0E4AE9}.Release|Any CPU.ActiveCfg = Release|Any CPU
		{9A819F9B-15CD-47F9-BAA8-F36EEE0E4AE9}.Release|Any CPU.Build.0 = Release|Any CPU
		{A50734A9-C526-4584-BE03-9FBF3FD5919E}.Debug|Any CPU.ActiveCfg = Debug|Any CPU
		{A50734A9-C526-4584-BE03-9FBF3FD5919E}.Debug|Any CPU.Build.0 = Debug|Any CPU
		{A50734A9-C526-4584-BE03-9FBF3FD5919E}.Release|Any CPU.ActiveCfg = Release|Any CPU
		{A50734A9-C526-4584-BE03-9FBF3FD5919E}.Release|Any CPU.Build.0 = Release|Any CPU
		{CD154CC4-895E-4E9C-A243-7F566F4967C5}.Debug|Any CPU.ActiveCfg = Debug|Any CPU
		{CD154CC4-895E-4E9C-A243-7F566F4967C5}.Debug|Any CPU.Build.0 = Debug|Any CPU
		{CD154CC4-895E-4E9C-A243-7F566F4967C5}.Release|Any CPU.ActiveCfg = Release|Any CPU
		{CD154CC4-895E-4E9C-A243-7F566F4967C5}.Release|Any CPU.Build.0 = Release|Any CPU
		{62512E2C-A077-4447-8F4D-AF94C1092D4F}.Debug|Any CPU.ActiveCfg = Debug|Any CPU
		{62512E2C-A077-4447-8F4D-AF94C1092D4F}.Debug|Any CPU.Build.0 = Debug|Any CPU
		{62512E2C-A077-4447-8F4D-AF94C1092D4F}.Release|Any CPU.ActiveCfg = Release|Any CPU
		{62512E2C-A077-4447-8F4D-AF94C1092D4F}.Release|Any CPU.Build.0 = Release|Any CPU
	EndGlobalSection
	GlobalSection(SolutionProperties) = preSolution
		HideSolutionNode = FALSE
	EndGlobalSection
	GlobalSection(ExtensibilityGlobals) = postSolution
		SolutionGuid = {C67D105B-2EC7-4F24-9D40-C2984B4B0C96}
	EndGlobalSection
EndGlobal
