
Microsoft Visual Studio Solution File, Format Version 12.00
# Visual Studio 15
VisualStudioVersion = 15.0.27703.2042
MinimumVisualStudioVersion = 10.0.40219.1
Project("{FAE04EC0-301F-11D3-BF4B-00C04F79EFBC}") = "Stemmer", "Stimmer\Stemmer.csproj", "{F7EB6BD4-6523-4FCD-830B-DF1D0ADDE840}"
EndProject
Global
	GlobalSection(SolutionConfigurationPlatforms) = preSolution
		Debug|Any CPU = Debug|Any CPU
		Release|Any CPU = Release|Any CPU
	EndGlobalSection
	GlobalSection(ProjectConfigurationPlatforms) = postSolution
		{F7EB6BD4-6523-4FCD-830B-DF1D0ADDE840}.Debug|Any CPU.ActiveCfg = Debug|Any CPU
		{F7EB6BD4-6523-4FCD-830B-DF1D0ADDE840}.Debug|Any CPU.Build.0 = Debug|Any CPU
		{F7EB6BD4-6523-4FCD-830B-DF1D0ADDE840}.Release|Any CPU.ActiveCfg = Release|Any CPU
		{F7EB6BD4-6523-4FCD-830B-DF1D0ADDE840}.Release|Any CPU.Build.0 = Release|Any CPU
	EndGlobalSection
	GlobalSection(SolutionProperties) = preSolution
		HideSolutionNode = FALSE
	EndGlobalSection
	GlobalSection(ExtensibilityGlobals) = postSolution
		SolutionGuid = {C67D105B-2EC7-4F24-9D40-C2984B4B0C96}
	EndGlobalSection
EndGlobal
